
Microsoft Visual Studio Solution File, Format Version 12.00
# Visual Studio Version 17
VisualStudioVersion = 17.4.33110.190
MinimumVisualStudioVersion = 10.0.40219.1
Project("{FAE04EC0-301F-11D3-BF4B-00C04F79EFBC}") = "Lab6", "Lab6.csproj", "{22BFF891-2D7B-48A8-A67C-D7FC35CDC1A9}"
EndProject
Global
	GlobalSection(SolutionConfigurationPlatforms) = preSolution
		Debug|Any CPU = Debug|Any CPU
		Release|Any CPU = Release|Any CPU
	EndGlobalSection
	GlobalSection(ProjectConfigurationPlatforms) = postSolution
		{22BFF891-2D7B-48A8-A67C-D7FC35CDC1A9}.Debug|Any CPU.ActiveCfg = Debug|Any CPU
		{22BFF891-2D7B-48A8-A67C-D7FC35CDC1A9}.Debug|Any CPU.Build.0 = Debug|Any CPU
		{22BFF891-2D7B-48A8-A67C-D7FC35CDC1A9}.Release|Any CPU.ActiveCfg = Release|Any CPU
		{22BFF891-2D7B-48A8-A67C-D7FC35CDC1A9}.Release|Any CPU.Build.0 = Release|Any CPU
	EndGlobalSection
	GlobalSection(SolutionProperties) = preSolution
		HideSolutionNode = FALSE
	EndGlobalSection
	GlobalSection(ExtensibilityGlobals) = postSolution
		SolutionGuid = {264DD498-B2C0-4729-A438-B1F88CEB9DFE}
	EndGlobalSection
EndGlobal
